
Microsoft Visual Studio Solution File, Format Version 12.00
# Visual Studio Version 17
VisualStudioVersion = 17.4.33213.308
MinimumVisualStudioVersion = 10.0.40219.1
Project("{FAE04EC0-301F-11D3-BF4B-00C04F79EFBC}") = "小科狗配置", "小科狗配置.csproj", "{5F61329F-07AE-4AD8-80D4-51B39CC17BC9}"
EndProject
Project("{FAE04EC0-301F-11D3-BF4B-00C04F79EFBC}") = "数据统计", "..\数据统计\数据统计.csproj", "{47F65A62-4425-4823-86AF-99FB4295DF81}"
EndProject
Global
	GlobalSection(SolutionConfigurationPlatforms) = preSolution
		Debug|Any CPU = Debug|Any CPU
		Debug|x64 = Debug|x64
		Release|Any CPU = Release|Any CPU
		Release|x64 = Release|x64
	EndGlobalSection
	GlobalSection(ProjectConfigurationPlatforms) = postSolution
		{5F61329F-07AE-4AD8-80D4-51B39CC17BC9}.Debug|Any CPU.ActiveCfg = Debug|Any CPU
		{5F61329F-07AE-4AD8-80D4-51B39CC17BC9}.Debug|Any CPU.Build.0 = Debug|Any CPU
		{5F61329F-07AE-4AD8-80D4-51B39CC17BC9}.Debug|x64.ActiveCfg = Debug|x64
		{5F61329F-07AE-4AD8-80D4-51B39CC17BC9}.Debug|x64.Build.0 = Debug|x64
		{5F61329F-07AE-4AD8-80D4-51B39CC17BC9}.Release|Any CPU.ActiveCfg = Release|Any CPU
		{5F61329F-07AE-4AD8-80D4-51B39CC17BC9}.Release|Any CPU.Build.0 = Release|Any CPU
		{5F61329F-07AE-4AD8-80D4-51B39CC17BC9}.Release|x64.ActiveCfg = Release|x64
		{5F61329F-07AE-4AD8-80D4-51B39CC17BC9}.Release|x64.Build.0 = Release|x64
		{47F65A62-4425-4823-86AF-99FB4295DF81}.Debug|Any CPU.ActiveCfg = Debug|Any CPU
		{47F65A62-4425-4823-86AF-99FB4295DF81}.Debug|Any CPU.Build.0 = Debug|Any CPU
		{47F65A62-4425-4823-86AF-99FB4295DF81}.Debug|x64.ActiveCfg = Debug|Any CPU
		{47F65A62-4425-4823-86AF-99FB4295DF81}.Debug|x64.Build.0 = Debug|Any CPU
		{47F65A62-4425-4823-86AF-99FB4295DF81}.Release|Any CPU.ActiveCfg = Release|Any CPU
		{47F65A62-4425-4823-86AF-99FB4295DF81}.Release|Any CPU.Build.0 = Release|Any CPU
		{47F65A62-4425-4823-86AF-99FB4295DF81}.Release|x64.ActiveCfg = Release|Any CPU
		{47F65A62-4425-4823-86AF-99FB4295DF81}.Release|x64.Build.0 = Release|Any CPU
	EndGlobalSection
	GlobalSection(SolutionProperties) = preSolution
		HideSolutionNode = FALSE
	EndGlobalSection
	GlobalSection(ExtensibilityGlobals) = postSolution
		SolutionGuid = {E4E78511-8AA2-477D-892C-DE0DA2F6B651}
	EndGlobalSection
EndGlobal
